
Microsoft Visual Studio Solution File, Format Version 12.00
# Visual Studio Version 17
VisualStudioVersion = 17.13.35919.96
MinimumVisualStudioVersion = 10.0.40219.1
Project("{FAE04EC0-301F-11D3-BF4B-00C04F79EFBC}") = "MS-AuthenticationAutorization.Domain", "Domain.MS-AuthorizationAutentication\MS-AuthenticationAutorization.Domain.csproj", "{E3F159F7-1D09-4DC8-88B5-42C2601542B1}"
EndProject
Project("{FAE04EC0-301F-11D3-BF4B-00C04F79EFBC}") = "MS-AuthenticationAutorization.Application", "Application.MS-AuthenticationAutorization\MS-AuthenticationAutorization.Application.csproj", "{D2374CF0-4EAC-444D-8873-CE4B8760696C}"
EndProject
Project("{FAE04EC0-301F-11D3-BF4B-00C04F79EFBC}") = "MS-AuthenticationAutorization.CroosCutting", "CroosCutting.MS-AuthenticationAutorization\MS-AuthenticationAutorization.CroosCutting.csproj", "{1A714338-7287-4FEE-AF96-799CE1BC05D1}"
EndProject
Project("{FAE04EC0-301F-11D3-BF4B-00C04F79EFBC}") = "MS-AuthenticationAutorization.Infrastructure", "Infrastructure.MS-AuthenticationAutorization\MS-AuthenticationAutorization.Infrastructure.csproj", "{DEF1A0B2-8528-4D56-BB3C-82AF967E7036}"
EndProject
Project("{FAE04EC0-301F-11D3-BF4B-00C04F79EFBC}") = "MS-AuthenticationAutorization.API", "MS-AuthenticationAutorization.API\MS-AuthenticationAutorization.API.csproj", "{B9F91F6B-64C9-4749-8FA7-F19C735A8A92}"
EndProject
Project("{E53339B2-1760-4266-BCC7-CA923CBCF16C}") = "docker-compose", "docker-compose.dcproj", "{81DDED9D-158B-E303-5F62-77A2896D2A5A}"
EndProject
Global
	GlobalSection(SolutionConfigurationPlatforms) = preSolution
		Debug|Any CPU = Debug|Any CPU
		Release|Any CPU = Release|Any CPU
	EndGlobalSection
	GlobalSection(ProjectConfigurationPlatforms) = postSolution
		{E3F159F7-1D09-4DC8-88B5-42C2601542B1}.Debug|Any CPU.ActiveCfg = Debug|Any CPU
		{E3F159F7-1D09-4DC8-88B5-42C2601542B1}.Debug|Any CPU.Build.0 = Debug|Any CPU
		{E3F159F7-1D09-4DC8-88B5-42C2601542B1}.Release|Any CPU.ActiveCfg = Release|Any CPU
		{E3F159F7-1D09-4DC8-88B5-42C2601542B1}.Release|Any CPU.Build.0 = Release|Any CPU
		{D2374CF0-4EAC-444D-8873-CE4B8760696C}.Debug|Any CPU.ActiveCfg = Debug|Any CPU
		{D2374CF0-4EAC-444D-8873-CE4B8760696C}.Debug|Any CPU.Build.0 = Debug|Any CPU
		{D2374CF0-4EAC-444D-8873-CE4B8760696C}.Release|Any CPU.ActiveCfg = Release|Any CPU
		{D2374CF0-4EAC-444D-8873-CE4B8760696C}.Release|Any CPU.Build.0 = Release|Any CPU
		{1A714338-7287-4FEE-AF96-799CE1BC05D1}.Debug|Any CPU.ActiveCfg = Debug|Any CPU
		{1A714338-7287-4FEE-AF96-799CE1BC05D1}.Debug|Any CPU.Build.0 = Debug|Any CPU
		{1A714338-7287-4FEE-AF96-799CE1BC05D1}.Release|Any CPU.ActiveCfg = Release|Any CPU
		{1A714338-7287-4FEE-AF96-799CE1BC05D1}.Release|Any CPU.Build.0 = Release|Any CPU
		{DEF1A0B2-8528-4D56-BB3C-82AF967E7036}.Debug|Any CPU.ActiveCfg = Debug|Any CPU
		{DEF1A0B2-8528-4D56-BB3C-82AF967E7036}.Debug|Any CPU.Build.0 = Debug|Any CPU
		{DEF1A0B2-8528-4D56-BB3C-82AF967E7036}.Release|Any CPU.ActiveCfg = Release|Any CPU
		{DEF1A0B2-8528-4D56-BB3C-82AF967E7036}.Release|Any CPU.Build.0 = Release|Any CPU
		{B9F91F6B-64C9-4749-8FA7-F19C735A8A92}.Debug|Any CPU.ActiveCfg = Debug|Any CPU
		{B9F91F6B-64C9-4749-8FA7-F19C735A8A92}.Debug|Any CPU.Build.0 = Debug|Any CPU
		{B9F91F6B-64C9-4749-8FA7-F19C735A8A92}.Release|Any CPU.ActiveCfg = Release|Any CPU
		{B9F91F6B-64C9-4749-8FA7-F19C735A8A92}.Release|Any CPU.Build.0 = Release|Any CPU
		{81DDED9D-158B-E303-5F62-77A2896D2A5A}.Debug|Any CPU.ActiveCfg = Debug|Any CPU
		{81DDED9D-158B-E303-5F62-77A2896D2A5A}.Debug|Any CPU.Build.0 = Debug|Any CPU
		{81DDED9D-158B-E303-5F62-77A2896D2A5A}.Release|Any CPU.ActiveCfg = Release|Any CPU
		{81DDED9D-158B-E303-5F62-77A2896D2A5A}.Release|Any CPU.Build.0 = Release|Any CPU
	EndGlobalSection
	GlobalSection(SolutionProperties) = preSolution
		HideSolutionNode = FALSE
	EndGlobalSection
	GlobalSection(ExtensibilityGlobals) = postSolution
		SolutionGuid = {CEA16108-BF73-406E-9ACD-5E2541759702}
	EndGlobalSection
EndGlobal
